{
  "version": 4,
  "terraform_version": "1.1.9",
  "serial": 36,
  "lineage": "e8d82e2a-6c4f-79ab-ddb9-a117c2e52906",
  "outputs": {},
  "resources": [
    {
      "mode": "managed",
      "type": "azurerm_container_registry",
      "name": "acr",
      "provider": "provider[\"registry.terraform.io/hashicorp/azurerm\"]",
      "instances": [
        {
          "schema_version": 2,
          "attributes": {
            "admin_enabled": true,
            "admin_password": "7EP=im/fOCo9v7GK6B87vL3r7Zq362kE",
            "admin_username": "containerRegistry2grupo5",
            "anonymous_pull_enabled": false,
            "data_endpoint_enabled": false,
            "encryption": [
              {
                "enabled": false,
                "identity_client_id": "",
                "key_vault_key_id": ""
              }
            ],
            "export_policy_enabled": true,
            "georeplications": [],
            "id": "/subscriptions/8a145c49-a08f-4dd5-964d-d5f5241105ce/resourceGroups/ggrupo5-resources/providers/Microsoft.ContainerRegistry/registries/containerRegistry2grupo5",
            "identity": [],
            "location": "westeurope",
            "login_server": "containerregistry2grupo5.azurecr.io",
            "name": "containerRegistry2grupo5",
            "network_rule_bypass_option": "AzureServices",
            "network_rule_set": [],
            "public_network_access_enabled": true,
            "quarantine_policy_enabled": false,
            "resource_group_name": "ggrupo5-resources",
            "retention_policy": [
              {
                "days": 7,
                "enabled": false
              }
            ],
            "sku": "Basic",
            "tags": {},
            "timeouts": null,
            "trust_policy": [
              {
                "enabled": false
              }
            ],
            "zone_redundancy_enabled": false
          },
          "sensitive_attributes": [],
          "private": "eyJlMmJmYjczMC1lY2FhLTExZTYtOGY4OC0zNDM2M2JjN2M0YzAiOnsiY3JlYXRlIjoxODAwMDAwMDAwMDAwLCJkZWxldGUiOjE4MDAwMDAwMDAwMDAsInJlYWQiOjMwMDAwMDAwMDAwMCwidXBkYXRlIjoxODAwMDAwMDAwMDAwfSwic2NoZW1hX3ZlcnNpb24iOiIyIn0=",
          "dependencies": [
            "azurerm_resource_group.ggrupo5"
          ]
        }
      ]
    },
    {
      "mode": "managed",
      "type": "azurerm_network_security_group",
      "name": "sggrupo5",
      "provider": "provider[\"registry.terraform.io/hashicorp/azurerm\"]",
      "instances": [
        {
          "schema_version": 0,
          "attributes": {
            "id": "/subscriptions/8a145c49-a08f-4dd5-964d-d5f5241105ce/resourceGroups/ggrupo5-resources/providers/Microsoft.Network/networkSecurityGroups/sggrupo5-security-group",
            "location": "westeurope",
            "name": "sggrupo5-security-group",
            "resource_group_name": "ggrupo5-resources",
            "security_rule": [],
            "tags": {},
            "timeouts": null
          },
          "sensitive_attributes": [],
          "private": "eyJlMmJmYjczMC1lY2FhLTExZTYtOGY4OC0zNDM2M2JjN2M0YzAiOnsiY3JlYXRlIjoxODAwMDAwMDAwMDAwLCJkZWxldGUiOjE4MDAwMDAwMDAwMDAsInJlYWQiOjMwMDAwMDAwMDAwMCwidXBkYXRlIjoxODAwMDAwMDAwMDAwfX0=",
          "dependencies": [
            "azurerm_resource_group.ggrupo5"
          ]
        }
      ]
    },
    {
      "mode": "managed",
      "type": "azurerm_resource_group",
      "name": "ggrupo5",
      "provider": "provider[\"registry.terraform.io/hashicorp/azurerm\"]",
      "instances": [
        {
          "schema_version": 0,
          "attributes": {
            "id": "/subscriptions/8a145c49-a08f-4dd5-964d-d5f5241105ce/resourceGroups/ggrupo5-resources",
            "location": "westeurope",
            "name": "ggrupo5-resources",
            "tags": {},
            "timeouts": null
          },
          "sensitive_attributes": [],
          "private": "eyJlMmJmYjczMC1lY2FhLTExZTYtOGY4OC0zNDM2M2JjN2M0YzAiOnsiY3JlYXRlIjo1NDAwMDAwMDAwMDAwLCJkZWxldGUiOjU0MDAwMDAwMDAwMDAsInJlYWQiOjMwMDAwMDAwMDAwMCwidXBkYXRlIjo1NDAwMDAwMDAwMDAwfX0="
        }
      ]
    },
    {
      "mode": "managed",
      "type": "azurerm_subnet",
      "name": "subnetaks",
      "provider": "provider[\"registry.terraform.io/hashicorp/azurerm\"]",
      "instances": [
        {
          "schema_version": 0,
          "attributes": {
            "address_prefixes": [
              "10.0.0.32/27"
            ],
            "delegation": [],
            "enforce_private_link_endpoint_network_policies": false,
            "enforce_private_link_service_network_policies": false,
            "id": "/subscriptions/8a145c49-a08f-4dd5-964d-d5f5241105ce/resourceGroups/ggrupo5-resources/providers/Microsoft.Network/virtualNetworks/grupo5-network/subnets/aksnet",
            "name": "aksnet",
            "resource_group_name": "ggrupo5-resources",
            "service_endpoint_policy_ids": [],
            "service_endpoints": [],
            "timeouts": null,
            "virtual_network_name": "grupo5-network"
          },
          "sensitive_attributes": [],
          "private": "eyJlMmJmYjczMC1lY2FhLTExZTYtOGY4OC0zNDM2M2JjN2M0YzAiOnsiY3JlYXRlIjoxODAwMDAwMDAwMDAwLCJkZWxldGUiOjE4MDAwMDAwMDAwMDAsInJlYWQiOjMwMDAwMDAwMDAwMCwidXBkYXRlIjoxODAwMDAwMDAwMDAwfX0=",
          "dependencies": [
            "azurerm_resource_group.ggrupo5",
            "azurerm_virtual_network.vngrupo5"
          ]
        }
      ]
    },
    {
      "mode": "managed",
      "type": "azurerm_virtual_network",
      "name": "vngrupo5",
      "provider": "provider[\"registry.terraform.io/hashicorp/azurerm\"]",
      "instances": [
        {
          "schema_version": 0,
          "attributes": {
            "address_space": [
              "20.0.0.0/25"
            ],
            "bgp_community": "",
            "ddos_protection_plan": [],
            "dns_servers": [
              "20.0.0.4",
              "20.0.0.5"
            ],
            "edge_zone": "",
            "flow_timeout_in_minutes": 0,
            "guid": "7e558c77-b2cc-4467-a8a9-f500673cb7f3",
            "id": "/subscriptions/8a145c49-a08f-4dd5-964d-d5f5241105ce/resourceGroups/ggrupo5-resources/providers/Microsoft.Network/virtualNetworks/grupo5-network",
            "location": "westeurope",
            "name": "grupo5-network",
            "resource_group_name": "ggrupo5-resources",
            "subnet": [
              {
                "address_prefix": "10.0.0.32/27",
                "id": "/subscriptions/8a145c49-a08f-4dd5-964d-d5f5241105ce/resourceGroups/ggrupo5-resources/providers/Microsoft.Network/virtualNetworks/grupo5-network/subnets/aksnet",
                "name": "aksnet",
                "security_group": ""
              }
            ],
            "tags": {},
            "timeouts": null
          },
          "sensitive_attributes": [],
          "private": "eyJlMmJmYjczMC1lY2FhLTExZTYtOGY4OC0zNDM2M2JjN2M0YzAiOnsiY3JlYXRlIjoxODAwMDAwMDAwMDAwLCJkZWxldGUiOjE4MDAwMDAwMDAwMDAsInJlYWQiOjMwMDAwMDAwMDAwMCwidXBkYXRlIjoxODAwMDAwMDAwMDAwfX0=",
          "dependencies": [
            "azurerm_resource_group.ggrupo5"
          ]
        }
      ]
    }
  ]
}
